
Microsoft Visual Studio Solution File, Format Version 12.00
# Visual Studio Version 17
VisualStudioVersion = 17.10.35027.167
MinimumVisualStudioVersion = 10.0.40219.1
Project("{FAE04EC0-301F-11D3-BF4B-00C04F79EFBC}") = "ClassLibrary_NugetPackage", "ClassLibrary_NugetPackage\ClassLibrary_NugetPackage.csproj", "{AAB7A598-472D-4233-AECD-54DD11A93762}"
EndProject
Global
	GlobalSection(SolutionConfigurationPlatforms) = preSolution
		Debug|Any CPU = Debug|Any CPU
		Release|Any CPU = Release|Any CPU
	EndGlobalSection
	GlobalSection(ProjectConfigurationPlatforms) = postSolution
		{AAB7A598-472D-4233-AECD-54DD11A93762}.Debug|Any CPU.ActiveCfg = Debug|Any CPU
		{AAB7A598-472D-4233-AECD-54DD11A93762}.Debug|Any CPU.Build.0 = Debug|Any CPU
		{AAB7A598-472D-4233-AECD-54DD11A93762}.Release|Any CPU.ActiveCfg = Release|Any CPU
		{AAB7A598-472D-4233-AECD-54DD11A93762}.Release|Any CPU.Build.0 = Release|Any CPU
	EndGlobalSection
	GlobalSection(SolutionProperties) = preSolution
		HideSolutionNode = FALSE
	EndGlobalSection
	GlobalSection(ExtensibilityGlobals) = postSolution
		SolutionGuid = {52D3F471-A441-4F48-87EC-50F1C9FDE468}
	EndGlobalSection
EndGlobal
